<Solution>
  <Folder Name="/src/">
    <Project Path="src/Dominica.Learn.Application/Dominica.Learn.Application.csproj" />
    <Project Path="src/Dominica.Learn.Domain/Dominica.Learn.Domain.csproj" />
    <Project Path="src/Dominica.Learn.Infrastructure/Dominica.Learn.Infrastructure.csproj" />
    <Project Path="src/Dominica.Learn.Web/Dominica.Learn.Web.csproj" />
  </Folder>
  <Folder Name="/tests/">
    <Project Path="tests/Dominica.Learn.Application.Tests/Dominica.Learn.Application.Tests.csproj" />
    <Project Path="tests/Dominica.Learn.Domain.Tests/Dominica.Learn.Domain.Tests.csproj" />
    <Project Path="tests/Dominica.Learn.Infrastructure.Tests/Dominica.Learn.Infrastructure.Tests.csproj" />
    <Project Path="tests/Dominica.Learn.Web.Tests/Dominica.Learn.Web.Tests.csproj" />
  </Folder>
</Solution>
